
Microsoft Visual Studio Solution File, Format Version 12.00
# Visual Studio 15
VisualStudioVersion = 15.0.26206.0
MinimumVisualStudioVersion = 10.0.40219.1
Project("{FAE04EC0-301F-11D3-BF4B-00C04F79EFBC}") = "Unknown Logger", "Unknown Logger\Unknown Logger.csproj", "{A0ACC4F2-A994-42FB-A837-952000FA51D3}"
EndProject
Project("{FAE04EC0-301F-11D3-BF4B-00C04F79EFBC}") = "UnknownLibrary", "UnknownLibrary\UnknownLibrary.csproj", "{13F1209C-2A87-4840-90EB-1961C659BFC2}"
EndProject
Project("{FAE04EC0-301F-11D3-BF4B-00C04F79EFBC}") = "Unknown Stub", "Unknown Stub\Unknown Stub.csproj", "{848A4625-4A57-45F8-9C7D-90F95ED141EC}"
EndProject
Global
	GlobalSection(SolutionConfigurationPlatforms) = preSolution
		Debug|Any CPU = Debug|Any CPU
		Release|Any CPU = Release|Any CPU
	EndGlobalSection
	GlobalSection(ProjectConfigurationPlatforms) = postSolution
		{A0ACC4F2-A994-42FB-A837-952000FA51D3}.Debug|Any CPU.ActiveCfg = Debug|Any CPU
		{A0ACC4F2-A994-42FB-A837-952000FA51D3}.Debug|Any CPU.Build.0 = Debug|Any CPU
		{A0ACC4F2-A994-42FB-A837-952000FA51D3}.Release|Any CPU.ActiveCfg = Release|Any CPU
		{A0ACC4F2-A994-42FB-A837-952000FA51D3}.Release|Any CPU.Build.0 = Release|Any CPU
		{13F1209C-2A87-4840-90EB-1961C659BFC2}.Debug|Any CPU.ActiveCfg = Debug|Any CPU
		{13F1209C-2A87-4840-90EB-1961C659BFC2}.Debug|Any CPU.Build.0 = Debug|Any CPU
		{13F1209C-2A87-4840-90EB-1961C659BFC2}.Release|Any CPU.ActiveCfg = Release|Any CPU
		{13F1209C-2A87-4840-90EB-1961C659BFC2}.Release|Any CPU.Build.0 = Release|Any CPU
		{848A4625-4A57-45F8-9C7D-90F95ED141EC}.Debug|Any CPU.ActiveCfg = Debug|Any CPU
		{848A4625-4A57-45F8-9C7D-90F95ED141EC}.Debug|Any CPU.Build.0 = Debug|Any CPU
		{848A4625-4A57-45F8-9C7D-90F95ED141EC}.Release|Any CPU.ActiveCfg = Release|Any CPU
		{848A4625-4A57-45F8-9C7D-90F95ED141EC}.Release|Any CPU.Build.0 = Release|Any CPU
	EndGlobalSection
	GlobalSection(SolutionProperties) = preSolution
		HideSolutionNode = FALSE
	EndGlobalSection
EndGlobal
